// !$*UTF8*$!
{
	archiveVersion = 1;
	classes = {
	};
	objectVersion = 46;
	objects = {

/* Begin PBXBuildFile section */
		4EF7B1A81CF191F300E4BD47 /* AppDelegate.swift in Sources */ = {isa = PBXBuildFile; fileRef = 4EF7B1A71CF191F300E4BD47 /* AppDelegate.swift */; };
		4EF7B1AA1CF191F300E4BD47 /* ViewController.swift in Sources */ = {isa = PBXBuildFile; fileRef = 4EF7B1A91CF191F300E4BD47 /* ViewController.swift */; };
		4EF7B1AD1CF191F300E4BD47 /* Main.storyboard in Resources */ = {isa = PBXBuildFile; fileRef = 4EF7B1AB1CF191F300E4BD47 /* Main.storyboard */; };
		4EF7B1AF1CF191F300E4BD47 /* Assets.xcassets in Resources */ = {isa = PBXBuildFile; fileRef = 4EF7B1AE1CF191F300E4BD47 /* Assets.xcassets */; };
		4EF7B1B21CF191F300E4BD47 /* LaunchScreen.storyboard in Resources */ = {isa = PBXBuildFile; fileRef = 4EF7B1B01CF191F300E4BD47 /* LaunchScreen.storyboard */; };
		4EF7B1BD1CF191F300E4BD47 /* GeisterTests.swift in Sources */ = {isa = PBXBuildFile; fileRef = 4EF7B1BC1CF191F300E4BD47 /* GeisterTests.swift */; };
		4EF7B1C81CF191F300E4BD47 /* GeisterUITests.swift in Sources */ = {isa = PBXBuildFile; fileRef = 4EF7B1C71CF191F300E4BD47 /* GeisterUITests.swift */; };
/* End PBXBuildFile section */

/* Begin PBXContainerItemProxy section */
		4EF7B1B91CF191F300E4BD47 /* PBXContainerItemProxy */ = {
			isa = PBXContainerItemProxy;
			containerPortal = 4EF7B19C1CF191F300E4BD47 /* Project object */;
			proxyType = 1;
			remoteGlobalIDString = 4EF7B1A31CF191F300E4BD47;
			remoteInfo = Geister;
		};
		4EF7B1C41CF191F300E4BD47 /* PBXContainerItemProxy */ = {
			isa = PBXContainerItemProxy;
			containerPortal = 4EF7B19C1CF191F300E4BD47 /* Project object */;
			proxyType = 1;
			remoteGlobalIDString = 4EF7B1A31CF191F300E4BD47;
			remoteInfo = Geister;
		};
/* End PBXContainerItemProxy section */

/* Begin PBXFileReference section */
		4EF7B1A41CF191F300E4BD47 /* Geister.app */ = {isa = PBXFileReference; explicitFileType = wrapper.application; includeInIndex = 0; path = Geister.app; sourceTree = BUILT_PRODUCTS_DIR; };
		4EF7B1A71CF191F300E4BD47 /* AppDelegate.swift */ = {isa = PBXFileReference; lastKnownFileType = sourcecode.swift; path = AppDelegate.swift; sourceTree = "<group>"; };
		4EF7B1A91CF191F300E4BD47 /* ViewController.swift */ = {isa = PBXFileReference; lastKnownFileType = sourcecode.swift; path = ViewController.swift; sourceTree = "<group>"; };
		4EF7B1AC1CF191F300E4BD47 /* Base */ = {isa = PBXFileReference; lastKnownFileType = file.storyboard; name = Base; path = Base.lproj/Main.storyboard; sourceTree = "<group>"; };
		4EF7B1AE1CF191F300E4BD47 /* Assets.xcassets */ = {isa = PBXFileReference; lastKnownFileType = folder.assetcatalog; path = Assets.xcassets; sourceTree = "<group>"; };
		4EF7B1B11CF191F300E4BD47 /* Base */ = {isa = PBXFileReference; lastKnownFileType = file.storyboard; name = Base; path = Base.lproj/LaunchScreen.storyboard; sourceTree = "<group>"; };
		4EF7B1B31CF191F300E4BD47 /* Info.plist */ = {isa = PBXFileReference; lastKnownFileType = text.plist.xml; path = Info.plist; sourceTree = "<group>"; };
		4EF7B1B81CF191F300E4BD47 /* GeisterTests.xctest */ = {isa = PBXFileReference; explicitFileType = wrapper.cfbundle; includeInIndex = 0; path = GeisterTests.xctest; sourceTree = BUILT_PRODUCTS_DIR; };
		4EF7B1BC1CF191F300E4BD47 /* GeisterTests.swift */ = {isa = PBXFileReference; lastKnownFileType = sourcecode.swift; path = GeisterTests.swift; sourceTree = "<group>"; };
		4EF7B1BE1CF191F300E4BD47 /* Info.plist */ = {isa = PBXFileReference; lastKnownFileType = text.plist.xml; path = Info.plist; sourceTree = "<group>"; };
		4EF7B1C31CF191F300E4BD47 /* GeisterUITests.xctest */ = {isa = PBXFileReference; explicitFileType = wrapper.cfbundle; includeInIndex = 0; path = GeisterUITests.xctest; sourceTree = BUILT_PRODUCTS_DIR; };
		4EF7B1C71CF191F300E4BD47 /* GeisterUITests.swift */ = {isa = PBXFileReference; lastKnownFileType = sourcecode.swift; path = GeisterUITests.swift; sourceTree = "<group>"; };
		4EF7B1C91CF191F300E4BD47 /* Info.plist */ = {isa = PBXFileReference; lastKnownFileType = text.plist.xml; path = Info.plist; sourceTree = "<group>"; };
/* End PBXFileReference section */

/* Begin PBXFrameworksBuildPhase section */
		4EF7B1A11CF191F300E4BD47 /* Frameworks */ = {
			isa = PBXFrameworksBuildPhase;
			buildActionMask = 2147483647;
			files = (
			);
			runOnlyForDeploymentPostprocessing = 0;
		};
		4EF7B1B51CF191F300E4BD47 /* Frameworks */ = {
			isa = PBXFrameworksBuildPhase;
			buildActionMask = 2147483647;
			files = (
			);
			runOnlyForDeploymentPostprocessing = 0;
		};
		4EF7B1C01CF191F300E4BD47 /* Frameworks */ = {
			isa = PBXFrameworksBuildPhase;
			buildActionMask = 2147483647;
			files = (
			);
			runOnlyForDeploymentPostprocessing = 0;
		};
/* End PBXFrameworksBuildPhase section */

/* Begin PBXGroup section */
		4EF7B19B1CF191F300E4BD47 = {
			isa = PBXGroup;
			children = (
				4EF7B1A61CF191F300E4BD47 /* Geister */,
				4EF7B1BB1CF191F300E4BD47 /* GeisterTests */,
				4EF7B1C61CF191F300E4BD47 /* GeisterUITests */,
				4EF7B1A51CF191F300E4BD47 /* Products */,
			);
			sourceTree = "<group>";
		};
		4EF7B1A51CF191F300E4BD47 /* Products */ = {
			isa = PBXGroup;
			children = (
				4EF7B1A41CF191F300E4BD47 /* Geister.app */,
				4EF7B1B81CF191F300E4BD47 /* GeisterTests.xctest */,
				4EF7B1C31CF191F300E4BD47 /* GeisterUITests.xctest */,
			);
			name = Products;
			sourceTree = "<group>";
		};
		4EF7B1A61CF191F300E4BD47 /* Geister */ = {
			isa = PBXGroup;
			children = (
				4EF7B1A71CF191F300E4BD47 /* AppDelegate.swift */,
				4EF7B1A91CF191F300E4BD47 /* ViewController.swift */,
				4EF7B1AB1CF191F300E4BD47 /* Main.storyboard */,
				4EF7B1AE1CF191F300E4BD47 /* Assets.xcassets */,
				4EF7B1B01CF191F300E4BD47 /* LaunchScreen.storyboard */,
				4EF7B1B31CF191F300E4BD47 /* Info.plist */,
			);
			path = Geister;
			sourceTree = "<group>";
		};
		4EF7B1BB1CF191F300E4BD47 /* GeisterTests */ = {
			isa = PBXGroup;
			children = (
				4EF7B1BC1CF191F300E4BD47 /* GeisterTests.swift */,
				4EF7B1BE1CF191F300E4BD47 /* Info.plist */,
			);
			path = GeisterTests;
			sourceTree = "<group>";
		};
		4EF7B1C61CF191F300E4BD47 /* GeisterUITests */ = {
			isa = PBXGroup;
			children = (
				4EF7B1C71CF191F300E4BD47 /* GeisterUITests.swift */,
				4EF7B1C91CF191F300E4BD47 /* Info.plist */,
			);
			path = GeisterUITests;
			sourceTree = "<group>";
		};
/* End PBXGroup section */

/* Begin PBXNativeTarget section */
		4EF7B1A31CF191F300E4BD47 /* Geister */ = {
			isa = PBXNativeTarget;
			buildConfigurationList = 4EF7B1CC1CF191F300E4BD47 /* Build configuration list for PBXNativeTarget "Geister" */;
			buildPhases = (
				4EF7B1A01CF191F300E4BD47 /* Sources */,
				4EF7B1A11CF191F300E4BD47 /* Frameworks */,
				4EF7B1A21CF191F300E4BD47 /* Resources */,
			);
			buildRules = (
			);
			dependencies = (
			);
			name = Geister;
			productName = Geister;
			productReference = 4EF7B1A41CF191F300E4BD47 /* Geister.app */;
			productType = "com.apple.product-type.application";
		};
		4EF7B1B71CF191F300E4BD47 /* GeisterTests */ = {
			isa = PBXNativeTarget;
			buildConfigurationList = 4EF7B1CF1CF191F300E4BD47 /* Build configuration list for PBXNativeTarget "GeisterTests" */;
			buildPhases = (
				4EF7B1B41CF191F300E4BD47 /* Sources */,
				4EF7B1B51CF191F300E4BD47 /* Frameworks */,
				4EF7B1B61CF191F300E4BD47 /* Resources */,
			);
			buildRules = (
			);
			dependencies = (
				4EF7B1BA1CF191F300E4BD47 /* PBXTargetDependency */,
			);
			name = GeisterTests;
			productName = GeisterTests;
			productReference = 4EF7B1B81CF191F300E4BD47 /* GeisterTests.xctest */;
			productType = "com.apple.product-type.bundle.unit-test";
		};
		4EF7B1C21CF191F300E4BD47 /* GeisterUITests */ = {
			isa = PBXNativeTarget;
			buildConfigurationList = 4EF7B1D21CF191F300E4BD47 /* Build configuration list for PBXNativeTarget "GeisterUITests" */;
			buildPhases = (
				4EF7B1BF1CF191F300E4BD47 /* Sources */,
				4EF7B1C01CF191F300E4BD47 /* Frameworks */,
				4EF7B1C11CF191F300E4BD47 /* Resources */,
			);
			buildRules = (
			);
			dependencies = (
				4EF7B1C51CF191F300E4BD47 /* PBXTargetDependency */,
			);
			name = GeisterUITests;
			productName = GeisterUITests;
			productReference = 4EF7B1C31CF191F300E4BD47 /* GeisterUITests.xctest */;
			productType = "com.apple.product-type.bundle.ui-testing";
		};
/* End PBXNativeTarget section */

/* Begin PBXProject section */
		4EF7B19C1CF191F300E4BD47 /* Project object */ = {
			isa = PBXProject;
			attributes = {
				LastSwiftUpdateCheck = 0720;
				LastUpgradeCheck = 0720;
				ORGANIZATIONNAME = Keiichiro;
				TargetAttributes = {
					4EF7B1A31CF191F300E4BD47 = {
						CreatedOnToolsVersion = 7.2;
						DevelopmentTeam = 6ZEZ5HC8K6;
					};
					4EF7B1B71CF191F300E4BD47 = {
						CreatedOnToolsVersion = 7.2;
						DevelopmentTeam = 6ZEZ5HC8K6;
						TestTargetID = 4EF7B1A31CF191F300E4BD47;
					};
					4EF7B1C21CF191F300E4BD47 = {
						CreatedOnToolsVersion = 7.2;
						DevelopmentTeam = 6ZEZ5HC8K6;
						TestTargetID = 4EF7B1A31CF191F300E4BD47;
					};
				};
			};
			buildConfigurationList = 4EF7B19F1CF191F300E4BD47 /* Build configuration list for PBXProject "Geister" */;
			compatibilityVersion = "Xcode 3.2";
			developmentRegion = English;
			hasScannedForEncodings = 0;
			knownRegions = (
				en,
				Base,
			);
			mainGroup = 4EF7B19B1CF191F300E4BD47;
			productRefGroup = 4EF7B1A51CF191F300E4BD47 /* Products */;
			projectDirPath = "";
			projectRoot = "";
			targets = (
				4EF7B1A31CF191F300E4BD47 /* Geister */,
				4EF7B1B71CF191F300E4BD47 /* GeisterTests */,
				4EF7B1C21CF191F300E4BD47 /* GeisterUITests */,
			);
		};
/* End PBXProject section */

/* Begin PBXResourcesBuildPhase section */
		4EF7B1A21CF191F300E4BD47 /* Resources */ = {
			isa = PBXResourcesBuildPhase;
			buildActionMask = 2147483647;
			files = (
				4EF7B1B21CF191F300E4BD47 /* LaunchScreen.storyboard in Resources */,
				4EF7B1AF1CF191F300E4BD47 /* Assets.xcassets in Resources */,
				4EF7B1AD1CF191F300E4BD47 /* Main.storyboard in Resources */,
			);
			runOnlyForDeploymentPostprocessing = 0;
		};
		4EF7B1B61CF191F300E4BD47 /* Resources */ = {
			isa = PBXResourcesBuildPhase;
			buildActionMask = 2147483647;
			files = (
			);
			runOnlyForDeploymentPostprocessing = 0;
		};
		4EF7B1C11CF191F300E4BD47 /* Resources */ = {
			isa = PBXResourcesBuildPhase;
			buildActionMask = 2147483647;
			files = (
			);
			runOnlyForDeploymentPostprocessing = 0;
		};
/* End PBXResourcesBuildPhase section */

/* Begin PBXSourcesBuildPhase section */
		4EF7B1A01CF191F300E4BD47 /* Sources */ = {
			isa = PBXSourcesBuildPhase;
			buildActionMask = 2147483647;
			files = (
				4EF7B1AA1CF191F300E4BD47 /* ViewController.swift in Sources */,
				4EF7B1A81CF191F300E4BD47 /* AppDelegate.swift in Sources */,
			);
			runOnlyForDeploymentPostprocessing = 0;
		};
		4EF7B1B41CF191F300E4BD47 /* Sources */ = {
			isa = PBXSourcesBuildPhase;
			buildActionMask = 2147483647;
			files = (
				4EF7B1BD1CF191F300E4BD47 /* GeisterTests.swift in Sources */,
			);
			runOnlyForDeploymentPostprocessing = 0;
		};
		4EF7B1BF1CF191F300E4BD47 /* Sources */ = {
			isa = PBXSourcesBuildPhase;
			buildActionMask = 2147483647;
			files = (
				4EF7B1C81CF191F300E4BD47 /* GeisterUITests.swift in Sources */,
			);
			runOnlyForDeploymentPostprocessing = 0;
		};
/* End PBXSourcesBuildPhase section */

/* Begin PBXTargetDependency section */
		4EF7B1BA1CF191F300E4BD47 /* PBXTargetDependency */ = {
			isa = PBXTargetDependency;
			target = 4EF7B1A31CF191F300E4BD47 /* Geister */;
			targetProxy = 4EF7B1B91CF191F300E4BD47 /* PBXContainerItemProxy */;
		};
		4EF7B1C51CF191F300E4BD47 /* PBXTargetDependency */ = {
			isa = PBXTargetDependency;
			target = 4EF7B1A31CF191F300E4BD47 /* Geister */;
			targetProxy = 4EF7B1C41CF191F300E4BD47 /* PBXContainerItemProxy */;
		};
/* End PBXTargetDependency section */

/* Begin PBXVariantGroup section */
		4EF7B1AB1CF191F300E4BD47 /* Main.storyboard */ = {
			isa = PBXVariantGroup;
			children = (
				4EF7B1AC1CF191F300E4BD47 /* Base */,
			);
			name = Main.storyboard;
			sourceTree = "<group>";
		};
		4EF7B1B01CF191F300E4BD47 /* LaunchScreen.storyboard */ = {
			isa = PBXVariantGroup;
			children = (
				4EF7B1B11CF191F300E4BD47 /* Base */,
			);
			name = LaunchScreen.storyboard;
			sourceTree = "<group>";
		};
/* End PBXVariantGroup section */

/* Begin XCBuildConfiguration section */
		4EF7B1CA1CF191F300E4BD47 /* Debug */ = {
			isa = XCBuildConfiguration;
			buildSettings = {
				ALWAYS_SEARCH_USER_PATHS = NO;
				CLANG_CXX_LANGUAGE_STANDARD = "gnu++0x";
				CLANG_CXX_LIBRARY = "libc++";
				CLANG_ENABLE_MODULES = YES;
				CLANG_ENABLE_OBJC_ARC = YES;
				CLANG_WARN_BOOL_CONVERSION = YES;
				CLANG_WARN_CONSTANT_CONVERSION = YES;
				CLANG_WARN_DIRECT_OBJC_ISA_USAGE = YES_ERROR;
				CLANG_WARN_EMPTY_BODY = YES;
				CLANG_WARN_ENUM_CONVERSION = YES;
				CLANG_WARN_INT_CONVERSION = YES;
				CLANG_WARN_OBJC_ROOT_CLASS = YES_ERROR;
				CLANG_WARN_UNREACHABLE_CODE = YES;
				CLANG_WARN__DUPLICATE_METHOD_MATCH = YES;
				"CODE_SIGN_IDENTITY[sdk=iphoneos*]" = "iPhone Developer";
				COPY_PHASE_STRIP = NO;
				DEBUG_INFORMATION_FORMAT = dwarf;
				ENABLE_STRICT_OBJC_MSGSEND = YES;
				ENABLE_TESTABILITY = YES;
				GCC_C_LANGUAGE_STANDARD = gnu99;
				GCC_DYNAMIC_NO_PIC = NO;
				GCC_NO_COMMON_BLOCKS = YES;
				GCC_OPTIMIZATION_LEVEL = 0;
				GCC_PREPROCESSOR_DEFINITIONS = (
					"DEBUG=1",
					"$(inherited)",
				);
				GCC_WARN_64_TO_32_BIT_CONVERSION = YES;
				GCC_WARN_ABOUT_RETURN_TYPE = YES_ERROR;
				GCC_WARN_UNDECLARED_SELECTOR = YES;
				GCC_WARN_UNINITIALIZED_AUTOS = YES_AGGRESSIVE;
				GCC_WARN_UNUSED_FUNCTION = YES;
				GCC_WARN_UNUSED_VARIABLE = YES;
				IPHONEOS_DEPLOYMENT_TARGET = 9.2;
				MTL_ENABLE_DEBUG_INFO = YES;
				ONLY_ACTIVE_ARCH = YES;
				SDKROOT = iphoneos;
				SWIFT_OPTIMIZATION_LEVEL = "-Onone";
			};
			name = Debug;
		};
		4EF7B1CB1CF191F300E4BD47 /* Release */ = {
			isa = XCBuildConfiguration;
			buildSettings = {
				ALWAYS_SEARCH_USER_PATHS = NO;
				CLANG_CXX_LANGUAGE_STANDARD = "gnu++0x";
				CLANG_CXX_LIBRARY = "libc++";
				CLANG_ENABLE_MODULES = YES;
				CLANG_ENABLE_OBJC_ARC = YES;
				CLANG_WARN_BOOL_CONVERSION = YES;
				CLANG_WARN_CONSTANT_CONVERSION = YES;
				CLANG_WARN_DIRECT_OBJC_ISA_USAGE = YES_ERROR;
				CLANG_WARN_EMPTY_BODY = YES;
				CLANG_WARN_ENUM_CONVERSION = YES;
				CLANG_WARN_INT_CONVERSION = YES;
				CLANG_WARN_OBJC_ROOT_CLASS = YES_ERROR;
				CLANG_WARN_UNREACHABLE_CODE = YES;
				CLANG_WARN__DUPLICATE_METHOD_MATCH = YES;
				"CODE_SIGN_IDENTITY[sdk=iphoneos*]" = "iPhone Developer";
				COPY_PHASE_STRIP = NO;
				DEBUG_INFORMATION_FORMAT = "dwarf-with-dsym";
				ENABLE_NS_ASSERTIONS = NO;
				ENABLE_STRICT_OBJC_MSGSEND = YES;
				GCC_C_LANGUAGE_STANDARD = gnu99;
				GCC_NO_COMMON_BLOCKS = YES;
				GCC_WARN_64_TO_32_BIT_CONVERSION = YES;
				GCC_WARN_ABOUT_RETURN_TYPE = YES_ERROR;
				GCC_WARN_UNDECLARED_SELECTOR = YES;
				GCC_WARN_UNINITIALIZED_AUTOS = YES_AGGRESSIVE;
				GCC_WARN_UNUSED_FUNCTION = YES;
				GCC_WARN_UNUSED_VARIABLE = YES;
				IPHONEOS_DEPLOYMENT_TARGET = 9.2;
				MTL_ENABLE_DEBUG_INFO = NO;
				SDKROOT = iphoneos;
				VALIDATE_PRODUCT = YES;
			};
			name = Release;
		};
		4EF7B1CD1CF191F300E4BD47 /* Debug */ = {
			isa = XCBuildConfiguration;
			buildSettings = {
				ASSETCATALOG_COMPILER_APPICON_NAME = AppIcon;
				INFOPLIST_FILE = Geister/Info.plist;
				LD_RUNPATH_SEARCH_PATHS = "$(inherited) @executable_path/Frameworks";
				PRODUCT_BUNDLE_IDENTIFIER = edu.self.Geister;
				PRODUCT_NAME = "$(TARGET_NAME)";
			};
			name = Debug;
		};
		4EF7B1CE1CF191F300E4BD47 /* Release */ = {
			isa = XCBuildConfiguration;
			buildSettings = {
				ASSETCATALOG_COMPILER_APPICON_NAME = AppIcon;
				INFOPLIST_FILE = Geister/Info.plist;
				LD_RUNPATH_SEARCH_PATHS = "$(inherited) @executable_path/Frameworks";
				PRODUCT_BUNDLE_IDENTIFIER = edu.self.Geister;
				PRODUCT_NAME = "$(TARGET_NAME)";
			};
			name = Release;
		};
		4EF7B1D01CF191F300E4BD47 /* Debug */ = {
			isa = XCBuildConfiguration;
			buildSettings = {
				BUNDLE_LOADER = "$(TEST_HOST)";
				INFOPLIST_FILE = GeisterTests/Info.plist;
				LD_RUNPATH_SEARCH_PATHS = "$(inherited) @executable_path/Frameworks @loader_path/Frameworks";
				PRODUCT_BUNDLE_IDENTIFIER = edu.self.GeisterTests;
				PRODUCT_NAME = "$(TARGET_NAME)";
				TEST_HOST = "$(BUILT_PRODUCTS_DIR)/Geister.app/Geister";
			};
			name = Debug;
		};
		4EF7B1D11CF191F300E4BD47 /* Release */ = {
			isa = XCBuildConfiguration;
			buildSettings = {
				BUNDLE_LOADER = "$(TEST_HOST)";
				INFOPLIST_FILE = GeisterTests/Info.plist;
				LD_RUNPATH_SEARCH_PATHS = "$(inherited) @executable_path/Frameworks @loader_path/Frameworks";
				PRODUCT_BUNDLE_IDENTIFIER = edu.self.GeisterTests;
				PRODUCT_NAME = "$(TARGET_NAME)";
				TEST_HOST = "$(BUILT_PRODUCTS_DIR)/Geister.app/Geister";
			};
			name = Release;
		};
		4EF7B1D31CF191F300E4BD47 /* Debug */ = {
			isa = XCBuildConfiguration;
			buildSettings = {
				INFOPLIST_FILE = GeisterUITests/Info.plist;
				LD_RUNPATH_SEARCH_PATHS = "$(inherited) @executable_path/Frameworks @loader_path/Frameworks";
				PRODUCT_BUNDLE_IDENTIFIER = edu.self.GeisterUITests;
				PRODUCT_NAME = "$(TARGET_NAME)";
				TEST_TARGET_NAME = Geister;
				USES_XCTRUNNER = YES;
			};
			name = Debug;
		};
		4EF7B1D41CF191F300E4BD47 /* Release */ = {
			isa = XCBuildConfiguration;
			buildSettings = {
				INFOPLIST_FILE = GeisterUITests/Info.plist;
				LD_RUNPATH_SEARCH_PATHS = "$(inherited) @executable_path/Frameworks @loader_path/Frameworks";
				PRODUCT_BUNDLE_IDENTIFIER = edu.self.GeisterUITests;
				PRODUCT_NAME = "$(TARGET_NAME)";
				TEST_TARGET_NAME = Geister;
				USES_XCTRUNNER = YES;
			};
			name = Release;
		};
/* End XCBuildConfiguration section */

/* Begin XCConfigurationList section */
		4EF7B19F1CF191F300E4BD47 /* Build configuration list for PBXProject "Geister" */ = {
			isa = XCConfigurationList;
			buildConfigurations = (
				4EF7B1CA1CF191F300E4BD47 /* Debug */,
				4EF7B1CB1CF191F300E4BD47 /* Release */,
			);
			defaultConfigurationIsVisible = 0;
			defaultConfigurationName = Release;
		};
		4EF7B1CC1CF191F300E4BD47 /* Build configuration list for PBXNativeTarget "Geister" */ = {
			isa = XCConfigurationList;
			buildConfigurations = (
				4EF7B1CD1CF191F300E4BD47 /* Debug */,
				4EF7B1CE1CF191F300E4BD47 /* Release */,
			);
			defaultConfigurationIsVisible = 0;
		};
		4EF7B1CF1CF191F300E4BD47 /* Build configuration list for PBXNativeTarget "GeisterTests" */ = {
			isa = XCConfigurationList;
			buildConfigurations = (
				4EF7B1D01CF191F300E4BD47 /* Debug */,
				4EF7B1D11CF191F300E4BD47 /* Release */,
			);
			defaultConfigurationIsVisible = 0;
		};
		4EF7B1D21CF191F300E4BD47 /* Build configuration list for PBXNativeTarget "GeisterUITests" */ = {
			isa = XCConfigurationList;
			buildConfigurations = (
				4EF7B1D31CF191F300E4BD47 /* Debug */,
				4EF7B1D41CF191F300E4BD47 /* Release */,
			);
			defaultConfigurationIsVisible = 0;
		};
/* End XCConfigurationList section */
	};
	rootObject = 4EF7B19C1CF191F300E4BD47 /* Project object */;
}
